
Microsoft Visual Studio Solution File, Format Version 12.00
# Visual Studio 2012
Project("{FAE04EC0-301F-11D3-BF4B-00C04F79EFBC}") = "TestApp4_VersionControl", "TestApp4_VersionControl\TestApp4_VersionControl.csproj", "{DFF8E7E4-08DC-42FE-A244-B62C99AAC7C0}"
EndProject
Global
	GlobalSection(SolutionConfigurationPlatforms) = preSolution
		Debug|Any CPU = Debug|Any CPU
		Release|Any CPU = Release|Any CPU
	EndGlobalSection
	GlobalSection(ProjectConfigurationPlatforms) = postSolution
		{DFF8E7E4-08DC-42FE-A244-B62C99AAC7C0}.Debug|Any CPU.ActiveCfg = Debug|Any CPU
		{DFF8E7E4-08DC-42FE-A244-B62C99AAC7C0}.Debug|Any CPU.Build.0 = Debug|Any CPU
		{DFF8E7E4-08DC-42FE-A244-B62C99AAC7C0}.Release|Any CPU.ActiveCfg = Release|Any CPU
		{DFF8E7E4-08DC-42FE-A244-B62C99AAC7C0}.Release|Any CPU.Build.0 = Release|Any CPU
	EndGlobalSection
	GlobalSection(MonoDevelopProperties) = preSolution
		StartupItem = TestApp4_VersionControl\TestApp4_VersionControl.csproj
	EndGlobalSection
EndGlobal
